
Microsoft Visual Studio Solution File, Format Version 12.00
# Visual Studio Version 17
VisualStudioVersion = 17.7.34003.232
MinimumVisualStudioVersion = 10.0.40219.1
Project("{9A19103F-16F7-4668-BE54-9A1E7A4F7556}") = "BlogMaui", "MauiApp1\BlogMaui.csproj", "{459E81F4-14F6-45A1-BDD0-B785E072DE79}"
EndProject
Project("{9A19103F-16F7-4668-BE54-9A1E7A4F7556}") = "Jinaga", "..\..\jinaga.net\Jinaga\Jinaga.csproj", "{3C045BAB-4A9A-4D59-8135-2AB3E0FE812A}"
EndProject
Project("{9A19103F-16F7-4668-BE54-9A1E7A4F7556}") = "Jinaga.Store.SQLite", "..\..\jinaga.net\Jinaga.Store.SQLite\Jinaga.Store.SQLite.csproj", "{F01E1040-C151-4C7B-823E-B66BB2E0CF8A}"
EndProject
Global
	GlobalSection(SolutionConfigurationPlatforms) = preSolution
		Debug|Any CPU = Debug|Any CPU
		Release|Any CPU = Release|Any CPU
	EndGlobalSection
	GlobalSection(ProjectConfigurationPlatforms) = postSolution
		{459E81F4-14F6-45A1-BDD0-B785E072DE79}.Debug|Any CPU.ActiveCfg = Debug|Any CPU
		{459E81F4-14F6-45A1-BDD0-B785E072DE79}.Debug|Any CPU.Build.0 = Debug|Any CPU
		{459E81F4-14F6-45A1-BDD0-B785E072DE79}.Debug|Any CPU.Deploy.0 = Debug|Any CPU
		{459E81F4-14F6-45A1-BDD0-B785E072DE79}.Release|Any CPU.ActiveCfg = Release|Any CPU
		{459E81F4-14F6-45A1-BDD0-B785E072DE79}.Release|Any CPU.Build.0 = Release|Any CPU
		{459E81F4-14F6-45A1-BDD0-B785E072DE79}.Release|Any CPU.Deploy.0 = Release|Any CPU
		{3C045BAB-4A9A-4D59-8135-2AB3E0FE812A}.Debug|Any CPU.ActiveCfg = Debug|Any CPU
		{3C045BAB-4A9A-4D59-8135-2AB3E0FE812A}.Debug|Any CPU.Build.0 = Debug|Any CPU
		{3C045BAB-4A9A-4D59-8135-2AB3E0FE812A}.Release|Any CPU.ActiveCfg = Release|Any CPU
		{3C045BAB-4A9A-4D59-8135-2AB3E0FE812A}.Release|Any CPU.Build.0 = Release|Any CPU
		{F01E1040-C151-4C7B-823E-B66BB2E0CF8A}.Debug|Any CPU.ActiveCfg = Debug|Any CPU
		{F01E1040-C151-4C7B-823E-B66BB2E0CF8A}.Debug|Any CPU.Build.0 = Debug|Any CPU
		{F01E1040-C151-4C7B-823E-B66BB2E0CF8A}.Release|Any CPU.ActiveCfg = Release|Any CPU
		{F01E1040-C151-4C7B-823E-B66BB2E0CF8A}.Release|Any CPU.Build.0 = Release|Any CPU
	EndGlobalSection
	GlobalSection(SolutionProperties) = preSolution
		HideSolutionNode = FALSE
	EndGlobalSection
	GlobalSection(ExtensibilityGlobals) = postSolution
		SolutionGuid = {9A81E444-AE19-41BE-9391-C668D4B00005}
	EndGlobalSection
EndGlobal
